
Microsoft Visual Studio Solution File, Format Version 12.00
# Visual Studio 15
VisualStudioVersion = 15.0.26430.6
MinimumVisualStudioVersion = 10.0.40219.1
Project("{FAE04EC0-301F-11D3-BF4B-00C04F79EFBC}") = "FaqTemplate.Core", "FaqTemplate.Core\FaqTemplate.Core.csproj", "{32EA6430-E378-4A24-BA7E-4A9A43633895}"
EndProject
Project("{FAE04EC0-301F-11D3-BF4B-00C04F79EFBC}") = "FaqTemplate.Infrastructure", "FaqTemplate.Infrastructure\FaqTemplate.Infrastructure.csproj", "{CF8F543B-0DF4-4BC9-9A01-E0D733FAC459}"
EndProject
Project("{FAE04EC0-301F-11D3-BF4B-00C04F79EFBC}") = "FaqTemplate.Tests", "FaqTemplate.Tests\FaqTemplate.Tests.csproj", "{485ECD7C-FAE8-4DC4-8CA0-BC594DEB7B45}"
EndProject
Project("{FAE04EC0-301F-11D3-BF4B-00C04F79EFBC}") = "FaqTemplate.Bot", "FaqTemplate.Bot\FaqTemplate.Bot.csproj", "{C6BBA99E-6B42-4155-B3E7-2A0A6C48FB7B}"
EndProject
Project("{FAE04EC0-301F-11D3-BF4B-00C04F79EFBC}") = "FaqTemplate.WebhookBot", "FaqTemplate.WebhookBot\FaqTemplate.WebhookBot.csproj", "{40C4ECD7-5AFA-4CF1-B2E8-1C0636D0D9A4}"
EndProject
Global
	GlobalSection(SolutionConfigurationPlatforms) = preSolution
		Debug|Any CPU = Debug|Any CPU
		Release|Any CPU = Release|Any CPU
	EndGlobalSection
	GlobalSection(ProjectConfigurationPlatforms) = postSolution
		{32EA6430-E378-4A24-BA7E-4A9A43633895}.Debug|Any CPU.ActiveCfg = Debug|Any CPU
		{32EA6430-E378-4A24-BA7E-4A9A43633895}.Debug|Any CPU.Build.0 = Debug|Any CPU
		{32EA6430-E378-4A24-BA7E-4A9A43633895}.Release|Any CPU.ActiveCfg = Release|Any CPU
		{32EA6430-E378-4A24-BA7E-4A9A43633895}.Release|Any CPU.Build.0 = Release|Any CPU
		{CF8F543B-0DF4-4BC9-9A01-E0D733FAC459}.Debug|Any CPU.ActiveCfg = Debug|Any CPU
		{CF8F543B-0DF4-4BC9-9A01-E0D733FAC459}.Debug|Any CPU.Build.0 = Debug|Any CPU
		{CF8F543B-0DF4-4BC9-9A01-E0D733FAC459}.Release|Any CPU.ActiveCfg = Release|Any CPU
		{CF8F543B-0DF4-4BC9-9A01-E0D733FAC459}.Release|Any CPU.Build.0 = Release|Any CPU
		{485ECD7C-FAE8-4DC4-8CA0-BC594DEB7B45}.Debug|Any CPU.ActiveCfg = Debug|Any CPU
		{485ECD7C-FAE8-4DC4-8CA0-BC594DEB7B45}.Debug|Any CPU.Build.0 = Debug|Any CPU
		{485ECD7C-FAE8-4DC4-8CA0-BC594DEB7B45}.Release|Any CPU.ActiveCfg = Release|Any CPU
		{485ECD7C-FAE8-4DC4-8CA0-BC594DEB7B45}.Release|Any CPU.Build.0 = Release|Any CPU
		{C6BBA99E-6B42-4155-B3E7-2A0A6C48FB7B}.Debug|Any CPU.ActiveCfg = Debug|Any CPU
		{C6BBA99E-6B42-4155-B3E7-2A0A6C48FB7B}.Debug|Any CPU.Build.0 = Debug|Any CPU
		{C6BBA99E-6B42-4155-B3E7-2A0A6C48FB7B}.Release|Any CPU.ActiveCfg = Release|Any CPU
		{C6BBA99E-6B42-4155-B3E7-2A0A6C48FB7B}.Release|Any CPU.Build.0 = Release|Any CPU
		{40C4ECD7-5AFA-4CF1-B2E8-1C0636D0D9A4}.Debug|Any CPU.ActiveCfg = Debug|Any CPU
		{40C4ECD7-5AFA-4CF1-B2E8-1C0636D0D9A4}.Debug|Any CPU.Build.0 = Debug|Any CPU
		{40C4ECD7-5AFA-4CF1-B2E8-1C0636D0D9A4}.Release|Any CPU.ActiveCfg = Release|Any CPU
		{40C4ECD7-5AFA-4CF1-B2E8-1C0636D0D9A4}.Release|Any CPU.Build.0 = Release|Any CPU
	EndGlobalSection
	GlobalSection(SolutionProperties) = preSolution
		HideSolutionNode = FALSE
	EndGlobalSection
EndGlobal
